// !$*UTF8*$!
{
	archiveVersion = 1;
	classes = {
	};
	objectVersion = 50;
	objects = {

/* Begin PBXBuildFile section */
		B51C7CB120ABAE6900DAD28F /* AppDelegate.swift in Sources */ = {isa = PBXBuildFile; fileRef = B51C7CB020ABAE6900DAD28F /* AppDelegate.swift */; };
		B51C7CB320ABAE6900DAD28F /* EventListViewController.swift in Sources */ = {isa = PBXBuildFile; fileRef = B51C7CB220ABAE6900DAD28F /* EventListViewController.swift */; };
		B51C7CB620ABAE6900DAD28F /* Main.storyboard in Resources */ = {isa = PBXBuildFile; fileRef = B51C7CB420ABAE6900DAD28F /* Main.storyboard */; };
		B51C7CB820ABAE6B00DAD28F /* Assets.xcassets in Resources */ = {isa = PBXBuildFile; fileRef = B51C7CB720ABAE6B00DAD28F /* Assets.xcassets */; };
		B51C7CBB20ABAE6B00DAD28F /* LaunchScreen.storyboard in Resources */ = {isa = PBXBuildFile; fileRef = B51C7CB920ABAE6B00DAD28F /* LaunchScreen.storyboard */; };
		B51C7CC320ABB20400DAD28F /* Theme.swift in Sources */ = {isa = PBXBuildFile; fileRef = B51C7CC220ABB20400DAD28F /* Theme.swift */; };
		B51C7CC820ABB9F500DAD28F /* Event.swift in Sources */ = {isa = PBXBuildFile; fileRef = B51C7CC720ABB9F500DAD28F /* Event.swift */; };
		B51C7CCA20ABBB5200DAD28F /* EventStore.swift in Sources */ = {isa = PBXBuildFile; fileRef = B51C7CC920ABBB5200DAD28F /* EventStore.swift */; };
		B51C7CCC20ABC0B000DAD28F /* EventListCell.swift in Sources */ = {isa = PBXBuildFile; fileRef = B51C7CCB20ABC0B000DAD28F /* EventListCell.swift */; };
		B51C7CCE20ABC44400DAD28F /* EventViewModel.swift in Sources */ = {isa = PBXBuildFile; fileRef = B51C7CCD20ABC44400DAD28F /* EventViewModel.swift */; };
		B51C7CD120ABC6E900DAD28F /* ResuableView.swift in Sources */ = {isa = PBXBuildFile; fileRef = B51C7CD020ABC6E900DAD28F /* ResuableView.swift */; };
/* End PBXBuildFile section */

/* Begin PBXFileReference section */
		B51C7CAD20ABAE6900DAD28F /* Meetdown.app */ = {isa = PBXFileReference; explicitFileType = wrapper.application; includeInIndex = 0; path = Meetdown.app; sourceTree = BUILT_PRODUCTS_DIR; };
		B51C7CB020ABAE6900DAD28F /* AppDelegate.swift */ = {isa = PBXFileReference; lastKnownFileType = sourcecode.swift; path = AppDelegate.swift; sourceTree = "<group>"; };
		B51C7CB220ABAE6900DAD28F /* EventListViewController.swift */ = {isa = PBXFileReference; lastKnownFileType = sourcecode.swift; path = EventListViewController.swift; sourceTree = "<group>"; };
		B51C7CB520ABAE6900DAD28F /* Base */ = {isa = PBXFileReference; lastKnownFileType = file.storyboard; name = Base; path = Base.lproj/Main.storyboard; sourceTree = "<group>"; };
		B51C7CB720ABAE6B00DAD28F /* Assets.xcassets */ = {isa = PBXFileReference; lastKnownFileType = folder.assetcatalog; path = Assets.xcassets; sourceTree = "<group>"; };
		B51C7CBA20ABAE6B00DAD28F /* Base */ = {isa = PBXFileReference; lastKnownFileType = file.storyboard; name = Base; path = Base.lproj/LaunchScreen.storyboard; sourceTree = "<group>"; };
		B51C7CBC20ABAE6B00DAD28F /* Info.plist */ = {isa = PBXFileReference; lastKnownFileType = text.plist.xml; path = Info.plist; sourceTree = "<group>"; };
		B51C7CC220ABB20400DAD28F /* Theme.swift */ = {isa = PBXFileReference; lastKnownFileType = sourcecode.swift; path = Theme.swift; sourceTree = "<group>"; };
		B51C7CC720ABB9F500DAD28F /* Event.swift */ = {isa = PBXFileReference; lastKnownFileType = sourcecode.swift; path = Event.swift; sourceTree = "<group>"; };
		B51C7CC920ABBB5200DAD28F /* EventStore.swift */ = {isa = PBXFileReference; lastKnownFileType = sourcecode.swift; path = EventStore.swift; sourceTree = "<group>"; };
		B51C7CCB20ABC0B000DAD28F /* EventListCell.swift */ = {isa = PBXFileReference; lastKnownFileType = sourcecode.swift; path = EventListCell.swift; sourceTree = "<group>"; };
		B51C7CCD20ABC44400DAD28F /* EventViewModel.swift */ = {isa = PBXFileReference; lastKnownFileType = sourcecode.swift; path = EventViewModel.swift; sourceTree = "<group>"; };
		B51C7CD020ABC6E900DAD28F /* ResuableView.swift */ = {isa = PBXFileReference; lastKnownFileType = sourcecode.swift; path = ResuableView.swift; sourceTree = "<group>"; };
/* End PBXFileReference section */

/* Begin PBXFrameworksBuildPhase section */
		B51C7CAA20ABAE6900DAD28F /* Frameworks */ = {
			isa = PBXFrameworksBuildPhase;
			buildActionMask = 2147483647;
			files = (
			);
			runOnlyForDeploymentPostprocessing = 0;
		};
/* End PBXFrameworksBuildPhase section */

/* Begin PBXGroup section */
		B51C7CA420ABAE6900DAD28F = {
			isa = PBXGroup;
			children = (
				B51C7CAF20ABAE6900DAD28F /* Meetdown */,
				B51C7CAE20ABAE6900DAD28F /* Products */,
			);
			sourceTree = "<group>";
		};
		B51C7CAE20ABAE6900DAD28F /* Products */ = {
			isa = PBXGroup;
			children = (
				B51C7CAD20ABAE6900DAD28F /* Meetdown.app */,
			);
			name = Products;
			sourceTree = "<group>";
		};
		B51C7CAF20ABAE6900DAD28F /* Meetdown */ = {
			isa = PBXGroup;
			children = (
				B51C7CCF20ABC6CF00DAD28F /* Lib */,
				B51C7CC620ABB9BC00DAD28F /* Models */,
				B51C7CC420ABB21D00DAD28F /* View Controllers */,
				B51C7CB020ABAE6900DAD28F /* AppDelegate.swift */,
				B51C7CC220ABB20400DAD28F /* Theme.swift */,
				B51C7CB420ABAE6900DAD28F /* Main.storyboard */,
				B51C7CB720ABAE6B00DAD28F /* Assets.xcassets */,
				B51C7CB920ABAE6B00DAD28F /* LaunchScreen.storyboard */,
				B51C7CBC20ABAE6B00DAD28F /* Info.plist */,
			);
			path = Meetdown;
			sourceTree = "<group>";
		};
		B51C7CC420ABB21D00DAD28F /* View Controllers */ = {
			isa = PBXGroup;
			children = (
				B51C7CC520ABB22900DAD28F /* Event List */,
			);
			path = "View Controllers";
			sourceTree = "<group>";
		};
		B51C7CC520ABB22900DAD28F /* Event List */ = {
			isa = PBXGroup;
			children = (
				B51C7CB220ABAE6900DAD28F /* EventListViewController.swift */,
				B51C7CCB20ABC0B000DAD28F /* EventListCell.swift */,
				B51C7CCD20ABC44400DAD28F /* EventViewModel.swift */,
			);
			path = "Event List";
			sourceTree = "<group>";
		};
		B51C7CC620ABB9BC00DAD28F /* Models */ = {
			isa = PBXGroup;
			children = (
				B51C7CC720ABB9F500DAD28F /* Event.swift */,
				B51C7CC920ABBB5200DAD28F /* EventStore.swift */,
			);
			path = Models;
			sourceTree = "<group>";
		};
		B51C7CCF20ABC6CF00DAD28F /* Lib */ = {
			isa = PBXGroup;
			children = (
				B51C7CD020ABC6E900DAD28F /* ResuableView.swift */,
			);
			path = Lib;
			sourceTree = "<group>";
		};
/* End PBXGroup section */

/* Begin PBXNativeTarget section */
		B51C7CAC20ABAE6900DAD28F /* Meetdown */ = {
			isa = PBXNativeTarget;
			buildConfigurationList = B51C7CBF20ABAE6B00DAD28F /* Build configuration list for PBXNativeTarget "Meetdown" */;
			buildPhases = (
				B51C7CA920ABAE6900DAD28F /* Sources */,
				B51C7CAA20ABAE6900DAD28F /* Frameworks */,
				B51C7CAB20ABAE6900DAD28F /* Resources */,
			);
			buildRules = (
			);
			dependencies = (
			);
			name = Meetdown;
			productName = Meetdown;
			productReference = B51C7CAD20ABAE6900DAD28F /* Meetdown.app */;
			productType = "com.apple.product-type.application";
		};
/* End PBXNativeTarget section */

/* Begin PBXProject section */
		B51C7CA520ABAE6900DAD28F /* Project object */ = {
			isa = PBXProject;
			attributes = {
				LastSwiftUpdateCheck = 0930;
				LastUpgradeCheck = 0930;
				ORGANIZATIONNAME = "Houston iOS Meetup";
				TargetAttributes = {
					B51C7CAC20ABAE6900DAD28F = {
						CreatedOnToolsVersion = 9.3;
					};
				};
			};
			buildConfigurationList = B51C7CA820ABAE6900DAD28F /* Build configuration list for PBXProject "Meetdown" */;
			compatibilityVersion = "Xcode 9.3";
			developmentRegion = en;
			hasScannedForEncodings = 0;
			knownRegions = (
				en,
				Base,
			);
			mainGroup = B51C7CA420ABAE6900DAD28F;
			productRefGroup = B51C7CAE20ABAE6900DAD28F /* Products */;
			projectDirPath = "";
			projectRoot = "";
			targets = (
				B51C7CAC20ABAE6900DAD28F /* Meetdown */,
			);
		};
/* End PBXProject section */

/* Begin PBXResourcesBuildPhase section */
		B51C7CAB20ABAE6900DAD28F /* Resources */ = {
			isa = PBXResourcesBuildPhase;
			buildActionMask = 2147483647;
			files = (
				B51C7CBB20ABAE6B00DAD28F /* LaunchScreen.storyboard in Resources */,
				B51C7CB820ABAE6B00DAD28F /* Assets.xcassets in Resources */,
				B51C7CB620ABAE6900DAD28F /* Main.storyboard in Resources */,
			);
			runOnlyForDeploymentPostprocessing = 0;
		};
/* End PBXResourcesBuildPhase section */

/* Begin PBXSourcesBuildPhase section */
		B51C7CA920ABAE6900DAD28F /* Sources */ = {
			isa = PBXSourcesBuildPhase;
			buildActionMask = 2147483647;
			files = (
				B51C7CCA20ABBB5200DAD28F /* EventStore.swift in Sources */,
				B51C7CC820ABB9F500DAD28F /* Event.swift in Sources */,
				B51C7CC320ABB20400DAD28F /* Theme.swift in Sources */,
				B51C7CD120ABC6E900DAD28F /* ResuableView.swift in Sources */,
				B51C7CB320ABAE6900DAD28F /* EventListViewController.swift in Sources */,
				B51C7CCC20ABC0B000DAD28F /* EventListCell.swift in Sources */,
				B51C7CCE20ABC44400DAD28F /* EventViewModel.swift in Sources */,
				B51C7CB120ABAE6900DAD28F /* AppDelegate.swift in Sources */,
			);
			runOnlyForDeploymentPostprocessing = 0;
		};
/* End PBXSourcesBuildPhase section */

/* Begin PBXVariantGroup section */
		B51C7CB420ABAE6900DAD28F /* Main.storyboard */ = {
			isa = PBXVariantGroup;
			children = (
				B51C7CB520ABAE6900DAD28F /* Base */,
			);
			name = Main.storyboard;
			sourceTree = "<group>";
		};
		B51C7CB920ABAE6B00DAD28F /* LaunchScreen.storyboard */ = {
			isa = PBXVariantGroup;
			children = (
				B51C7CBA20ABAE6B00DAD28F /* Base */,
			);
			name = LaunchScreen.storyboard;
			sourceTree = "<group>";
		};
/* End PBXVariantGroup section */

/* Begin XCBuildConfiguration section */
		B51C7CBD20ABAE6B00DAD28F /* Debug */ = {
			isa = XCBuildConfiguration;
			buildSettings = {
				ALWAYS_SEARCH_USER_PATHS = NO;
				CLANG_ANALYZER_NONNULL = YES;
				CLANG_ANALYZER_NUMBER_OBJECT_CONVERSION = YES_AGGRESSIVE;
				CLANG_CXX_LANGUAGE_STANDARD = "gnu++14";
				CLANG_CXX_LIBRARY = "libc++";
				CLANG_ENABLE_MODULES = YES;
				CLANG_ENABLE_OBJC_ARC = YES;
				CLANG_ENABLE_OBJC_WEAK = YES;
				CLANG_WARN_BLOCK_CAPTURE_AUTORELEASING = YES;
				CLANG_WARN_BOOL_CONVERSION = YES;
				CLANG_WARN_COMMA = YES;
				CLANG_WARN_CONSTANT_CONVERSION = YES;
				CLANG_WARN_DEPRECATED_OBJC_IMPLEMENTATIONS = YES;
				CLANG_WARN_DIRECT_OBJC_ISA_USAGE = YES_ERROR;
				CLANG_WARN_DOCUMENTATION_COMMENTS = YES;
				CLANG_WARN_EMPTY_BODY = YES;
				CLANG_WARN_ENUM_CONVERSION = YES;
				CLANG_WARN_INFINITE_RECURSION = YES;
				CLANG_WARN_INT_CONVERSION = YES;
				CLANG_WARN_NON_LITERAL_NULL_CONVERSION = YES;
				CLANG_WARN_OBJC_IMPLICIT_RETAIN_SELF = YES;
				CLANG_WARN_OBJC_LITERAL_CONVERSION = YES;
				CLANG_WARN_OBJC_ROOT_CLASS = YES_ERROR;
				CLANG_WARN_RANGE_LOOP_ANALYSIS = YES;
				CLANG_WARN_STRICT_PROTOTYPES = YES;
				CLANG_WARN_SUSPICIOUS_MOVE = YES;
				CLANG_WARN_UNGUARDED_AVAILABILITY = YES_AGGRESSIVE;
				CLANG_WARN_UNREACHABLE_CODE = YES;
				CLANG_WARN__DUPLICATE_METHOD_MATCH = YES;
				CODE_SIGN_IDENTITY = "iPhone Developer";
				COPY_PHASE_STRIP = NO;
				DEBUG_INFORMATION_FORMAT = dwarf;
				ENABLE_STRICT_OBJC_MSGSEND = YES;
				ENABLE_TESTABILITY = YES;
				GCC_C_LANGUAGE_STANDARD = gnu11;
				GCC_DYNAMIC_NO_PIC = NO;
				GCC_NO_COMMON_BLOCKS = YES;
				GCC_OPTIMIZATION_LEVEL = 0;
				GCC_PREPROCESSOR_DEFINITIONS = (
					"DEBUG=1",
					"$(inherited)",
				);
				GCC_WARN_64_TO_32_BIT_CONVERSION = YES;
				GCC_WARN_ABOUT_RETURN_TYPE = YES_ERROR;
				GCC_WARN_UNDECLARED_SELECTOR = YES;
				GCC_WARN_UNINITIALIZED_AUTOS = YES_AGGRESSIVE;
				GCC_WARN_UNUSED_FUNCTION = YES;
				GCC_WARN_UNUSED_VARIABLE = YES;
				IPHONEOS_DEPLOYMENT_TARGET = 11.3;
				MTL_ENABLE_DEBUG_INFO = YES;
				ONLY_ACTIVE_ARCH = YES;
				SDKROOT = iphoneos;
				SWIFT_ACTIVE_COMPILATION_CONDITIONS = DEBUG;
				SWIFT_OPTIMIZATION_LEVEL = "-Onone";
			};
			name = Debug;
		};
		B51C7CBE20ABAE6B00DAD28F /* Release */ = {
			isa = XCBuildConfiguration;
			buildSettings = {
				ALWAYS_SEARCH_USER_PATHS = NO;
				CLANG_ANALYZER_NONNULL = YES;
				CLANG_ANALYZER_NUMBER_OBJECT_CONVERSION = YES_AGGRESSIVE;
				CLANG_CXX_LANGUAGE_STANDARD = "gnu++14";
				CLANG_CXX_LIBRARY = "libc++";
				CLANG_ENABLE_MODULES = YES;
				CLANG_ENABLE_OBJC_ARC = YES;
				CLANG_ENABLE_OBJC_WEAK = YES;
				CLANG_WARN_BLOCK_CAPTURE_AUTORELEASING = YES;
				CLANG_WARN_BOOL_CONVERSION = YES;
				CLANG_WARN_COMMA = YES;
				CLANG_WARN_CONSTANT_CONVERSION = YES;
				CLANG_WARN_DEPRECATED_OBJC_IMPLEMENTATIONS = YES;
				CLANG_WARN_DIRECT_OBJC_ISA_USAGE = YES_ERROR;
				CLANG_WARN_DOCUMENTATION_COMMENTS = YES;
				CLANG_WARN_EMPTY_BODY = YES;
				CLANG_WARN_ENUM_CONVERSION = YES;
				CLANG_WARN_INFINITE_RECURSION = YES;
				CLANG_WARN_INT_CONVERSION = YES;
				CLANG_WARN_NON_LITERAL_NULL_CONVERSION = YES;
				CLANG_WARN_OBJC_IMPLICIT_RETAIN_SELF = YES;
				CLANG_WARN_OBJC_LITERAL_CONVERSION = YES;
				CLANG_WARN_OBJC_ROOT_CLASS = YES_ERROR;
				CLANG_WARN_RANGE_LOOP_ANALYSIS = YES;
				CLANG_WARN_STRICT_PROTOTYPES = YES;
				CLANG_WARN_SUSPICIOUS_MOVE = YES;
				CLANG_WARN_UNGUARDED_AVAILABILITY = YES_AGGRESSIVE;
				CLANG_WARN_UNREACHABLE_CODE = YES;
				CLANG_WARN__DUPLICATE_METHOD_MATCH = YES;
				CODE_SIGN_IDENTITY = "iPhone Developer";
				COPY_PHASE_STRIP = NO;
				DEBUG_INFORMATION_FORMAT = "dwarf-with-dsym";
				ENABLE_NS_ASSERTIONS = NO;
				ENABLE_STRICT_OBJC_MSGSEND = YES;
				GCC_C_LANGUAGE_STANDARD = gnu11;
				GCC_NO_COMMON_BLOCKS = YES;
				GCC_WARN_64_TO_32_BIT_CONVERSION = YES;
				GCC_WARN_ABOUT_RETURN_TYPE = YES_ERROR;
				GCC_WARN_UNDECLARED_SELECTOR = YES;
				GCC_WARN_UNINITIALIZED_AUTOS = YES_AGGRESSIVE;
				GCC_WARN_UNUSED_FUNCTION = YES;
				GCC_WARN_UNUSED_VARIABLE = YES;
				IPHONEOS_DEPLOYMENT_TARGET = 11.3;
				MTL_ENABLE_DEBUG_INFO = NO;
				SDKROOT = iphoneos;
				SWIFT_COMPILATION_MODE = wholemodule;
				SWIFT_OPTIMIZATION_LEVEL = "-O";
				VALIDATE_PRODUCT = YES;
			};
			name = Release;
		};
		B51C7CC020ABAE6B00DAD28F /* Debug */ = {
			isa = XCBuildConfiguration;
			buildSettings = {
				ASSETCATALOG_COMPILER_APPICON_NAME = AppIcon;
				CODE_SIGN_STYLE = Automatic;
				DEVELOPMENT_TEAM = C2K3864N2N;
				INFOPLIST_FILE = Meetdown/Info.plist;
				LD_RUNPATH_SEARCH_PATHS = (
					"$(inherited)",
					"@executable_path/Frameworks",
				);
				PRODUCT_BUNDLE_IDENTIFIER = com.ficklebits.Meetdown;
				PRODUCT_NAME = "$(TARGET_NAME)";
				SWIFT_VERSION = 4.0;
				TARGETED_DEVICE_FAMILY = "1,2";
			};
			name = Debug;
		};
		B51C7CC120ABAE6B00DAD28F /* Release */ = {
			isa = XCBuildConfiguration;
			buildSettings = {
				ASSETCATALOG_COMPILER_APPICON_NAME = AppIcon;
				CODE_SIGN_STYLE = Automatic;
				DEVELOPMENT_TEAM = C2K3864N2N;
				INFOPLIST_FILE = Meetdown/Info.plist;
				LD_RUNPATH_SEARCH_PATHS = (
					"$(inherited)",
					"@executable_path/Frameworks",
				);
				PRODUCT_BUNDLE_IDENTIFIER = com.ficklebits.Meetdown;
				PRODUCT_NAME = "$(TARGET_NAME)";
				SWIFT_VERSION = 4.0;
				TARGETED_DEVICE_FAMILY = "1,2";
			};
			name = Release;
		};
/* End XCBuildConfiguration section */

/* Begin XCConfigurationList section */
		B51C7CA820ABAE6900DAD28F /* Build configuration list for PBXProject "Meetdown" */ = {
			isa = XCConfigurationList;
			buildConfigurations = (
				B51C7CBD20ABAE6B00DAD28F /* Debug */,
				B51C7CBE20ABAE6B00DAD28F /* Release */,
			);
			defaultConfigurationIsVisible = 0;
			defaultConfigurationName = Release;
		};
		B51C7CBF20ABAE6B00DAD28F /* Build configuration list for PBXNativeTarget "Meetdown" */ = {
			isa = XCConfigurationList;
			buildConfigurations = (
				B51C7CC020ABAE6B00DAD28F /* Debug */,
				B51C7CC120ABAE6B00DAD28F /* Release */,
			);
			defaultConfigurationIsVisible = 0;
			defaultConfigurationName = Release;
		};
/* End XCConfigurationList section */
	};
	rootObject = B51C7CA520ABAE6900DAD28F /* Project object */;
}
